
Microsoft Visual Studio Solution File, Format Version 12.00
# Visual Studio Version 17
VisualStudioVersion = 17.1.32228.430
MinimumVisualStudioVersion = 10.0.40219.1
Project("{9A19103F-16F7-4668-BE54-9A1E7A4F7556}") = "backend", "backend.csproj", "{AE6EAFC6-8549-4CB1-8DEB-AFB73E774C87}"
EndProject
Project("{FAE04EC0-301F-11D3-BF4B-00C04F79EFBC}") = "algorithm", "..\algorithm\algorithm.csproj", "{8A788965-B4CF-4F3C-B004-D11AEC55F1B2}"
EndProject
Global
	GlobalSection(SolutionConfigurationPlatforms) = preSolution
		Debug|Any CPU = Debug|Any CPU
		Release|Any CPU = Release|Any CPU
	EndGlobalSection
	GlobalSection(ProjectConfigurationPlatforms) = postSolution
		{AE6EAFC6-8549-4CB1-8DEB-AFB73E774C87}.Debug|Any CPU.ActiveCfg = Debug|Any CPU
		{AE6EAFC6-8549-4CB1-8DEB-AFB73E774C87}.Debug|Any CPU.Build.0 = Debug|Any CPU
		{AE6EAFC6-8549-4CB1-8DEB-AFB73E774C87}.Release|Any CPU.ActiveCfg = Release|Any CPU
		{AE6EAFC6-8549-4CB1-8DEB-AFB73E774C87}.Release|Any CPU.Build.0 = Release|Any CPU
		{8A788965-B4CF-4F3C-B004-D11AEC55F1B2}.Debug|Any CPU.ActiveCfg = Debug|Any CPU
		{8A788965-B4CF-4F3C-B004-D11AEC55F1B2}.Debug|Any CPU.Build.0 = Debug|Any CPU
		{8A788965-B4CF-4F3C-B004-D11AEC55F1B2}.Release|Any CPU.ActiveCfg = Release|Any CPU
		{8A788965-B4CF-4F3C-B004-D11AEC55F1B2}.Release|Any CPU.Build.0 = Release|Any CPU
	EndGlobalSection
	GlobalSection(SolutionProperties) = preSolution
		HideSolutionNode = FALSE
	EndGlobalSection
	GlobalSection(ExtensibilityGlobals) = postSolution
		SolutionGuid = {B4D1B224-E091-4F1C-A503-F6B40819FD26}
	EndGlobalSection
EndGlobal
