
Microsoft Visual Studio Solution File, Format Version 12.00
# Visual Studio Version 17
VisualStudioVersion = 17.1.32228.430
MinimumVisualStudioVersion = 10.0.40219.1
Project("{FAE04EC0-301F-11D3-BF4B-00C04F79EFBC}") = "backend", "backend.csproj", "{AE6EAFC6-8549-4CB1-8DEB-AFB73E774C87}"
EndProject
Global
	GlobalSection(SolutionConfigurationPlatforms) = preSolution
		Debug|Any CPU = Debug|Any CPU
		Release|Any CPU = Release|Any CPU
	EndGlobalSection
	GlobalSection(ProjectConfigurationPlatforms) = postSolution
		{AE6EAFC6-8549-4CB1-8DEB-AFB73E774C87}.Debug|Any CPU.ActiveCfg = Debug|Any CPU
		{AE6EAFC6-8549-4CB1-8DEB-AFB73E774C87}.Debug|Any CPU.Build.0 = Debug|Any CPU
		{AE6EAFC6-8549-4CB1-8DEB-AFB73E774C87}.Release|Any CPU.ActiveCfg = Release|Any CPU
		{AE6EAFC6-8549-4CB1-8DEB-AFB73E774C87}.Release|Any CPU.Build.0 = Release|Any CPU
	EndGlobalSection
	GlobalSection(SolutionProperties) = preSolution
		HideSolutionNode = FALSE
	EndGlobalSection
	GlobalSection(ExtensibilityGlobals) = postSolution
		SolutionGuid = {B4D1B224-E091-4F1C-A503-F6B40819FD26}
	EndGlobalSection
EndGlobal
